version = 1
revision = 2
requires-python = ">=3.11"

[[package]]
name = "flake8"
version = "7.2.0"
source = { registry = "https://pypi.org/simple" }
dependencies = [
    { name = "mccabe" },
    { name = "pycodestyle" },
    { name = "pyflakes" },
]
sdist = { url = "https://files.pythonhosted.org/packages/e7/c4/5842fc9fc94584c455543540af62fd9900faade32511fab650e9891ec225/flake8-7.2.0.tar.gz", hash = "sha256:fa558ae3f6f7dbf2b4f22663e5343b6b6023620461f8d4ff2019ef4b5ee70426", size = 48177, upload-time = "2025-03-29T20:08:39.329Z" }
wheels = [
    { url = "https://files.pythonhosted.org/packages/83/5c/0627be4c9976d56b1217cb5187b7504e7fd7d3503f8bfd312a04077bd4f7/flake8-7.2.0-py2.py3-none-any.whl", hash = "sha256:93b92ba5bdb60754a6da14fa3b93a9361fd00a59632ada61fd7b130436c40343", size = 57786, upload-time = "2025-03-29T20:08:37.902Z" },
]

[[package]]
name = "flake8-pyspark-with-column"
source = { editable = "." }
dependencies = [
    { name = "flake8" },
]

[package.metadata]
requires-dist = [{ name = "flake8", specifier = ">=3.0.0" }]

[[package]]
name = "mccabe"
version = "0.7.0"
source = { registry = "https://pypi.org/simple" }
sdist = { url = "https://files.pythonhosted.org/packages/e7/ff/0ffefdcac38932a54d2b5eed4e0ba8a408f215002cd178ad1df0f2806ff8/mccabe-0.7.0.tar.gz", hash = "sha256:348e0240c33b60bbdf4e523192ef919f28cb2c3d7d5c7794f74009290f236325", size = 9658, upload-time = "2022-01-24T01:14:51.113Z" }
wheels = [
    { url = "https://files.pythonhosted.org/packages/27/1a/1f68f9ba0c207934b35b86a8ca3aad8395a3d6dd7921c0686e23853ff5a9/mccabe-0.7.0-py2.py3-none-any.whl", hash = "sha256:6c2d30ab6be0e4a46919781807b4f0d834ebdd6c6e3dca0bda5a15f863427b6e", size = 7350, upload-time = "2022-01-24T01:14:49.62Z" },
]

[[package]]
name = "pycodestyle"
version = "2.13.0"
source = { registry = "https://pypi.org/simple" }
sdist = { url = "https://files.pythonhosted.org/packages/04/6e/1f4a62078e4d95d82367f24e685aef3a672abfd27d1a868068fed4ed2254/pycodestyle-2.13.0.tar.gz", hash = "sha256:c8415bf09abe81d9c7f872502a6eee881fbe85d8763dd5b9924bb0a01d67efae", size = 39312, upload-time = "2025-03-29T17:33:30.669Z" }
wheels = [
    { url = "https://files.pythonhosted.org/packages/07/be/b00116df1bfb3e0bb5b45e29d604799f7b91dd861637e4d448b4e09e6a3e/pycodestyle-2.13.0-py2.py3-none-any.whl", hash = "sha256:35863c5974a271c7a726ed228a14a4f6daf49df369d8c50cd9a6f58a5e143ba9", size = 31424, upload-time = "2025-03-29T17:33:29.405Z" },
]

[[package]]
name = "pyflakes"
version = "3.3.2"
source = { registry = "https://pypi.org/simple" }
sdist = { url = "https://files.pythonhosted.org/packages/af/cc/1df338bd7ed1fa7c317081dcf29bf2f01266603b301e6858856d346a12b3/pyflakes-3.3.2.tar.gz", hash = "sha256:6dfd61d87b97fba5dcfaaf781171ac16be16453be6d816147989e7f6e6a9576b", size = 64175, upload-time = "2025-03-31T13:21:20.34Z" }
wheels = [
    { url = "https://files.pythonhosted.org/packages/15/40/b293a4fa769f3b02ab9e387c707c4cbdc34f073f945de0386107d4e669e6/pyflakes-3.3.2-py2.py3-none-any.whl", hash = "sha256:5039c8339cbb1944045f4ee5466908906180f13cc99cc9949348d10f82a5c32a", size = 63164, upload-time = "2025-03-31T13:21:18.503Z" },
]
